// !$*UTF8*$!
{
	archiveVersion = 1;
	classes = {
	};
	objectVersion = 56;
	objects = {

/* Begin PBXBuildFile section */
		3D547B9D2BE4D29F00A08982 /* bulutsystemApp.swift in Sources */ = {isa = PBXBuildFile; fileRef = 3D547B9C2BE4D29F00A08982 /* bulutsystemApp.swift */; };
		3D547B9F2BE4D29F00A08982 /* ContentView.swift in Sources */ = {isa = PBXBuildFile; fileRef = 3D547B9E2BE4D29F00A08982 /* ContentView.swift */; };
		3D547BA12BE4D2A000A08982 /* Assets.xcassets in Resources */ = {isa = PBXBuildFile; fileRef = 3D547BA02BE4D2A000A08982 /* Assets.xcassets */; };
		3D547BA42BE4D2A000A08982 /* Preview Assets.xcassets in Resources */ = {isa = PBXBuildFile; fileRef = 3D547BA32BE4D2A000A08982 /* Preview Assets.xcassets */; };
		3D547BB42BE4D4B600A08982 /* Weather.swift in Sources */ = {isa = PBXBuildFile; fileRef = 3D547BB32BE4D4B600A08982 /* Weather.swift */; };
		3D547BB62BE4D4C200A08982 /* SearchResult.swift in Sources */ = {isa = PBXBuildFile; fileRef = 3D547BB52BE4D4C200A08982 /* SearchResult.swift */; };
		3D547BB82BE4D4CC00A08982 /* Favorite.swift in Sources */ = {isa = PBXBuildFile; fileRef = 3D547BB72BE4D4CC00A08982 /* Favorite.swift */; };
		3D547BBA2BE4D4DB00A08982 /* FavoriteAnnotation.swift in Sources */ = {isa = PBXBuildFile; fileRef = 3D547BB92BE4D4DB00A08982 /* FavoriteAnnotation.swift */; };
		3D547BBC2BE4D4ED00A08982 /* HomeViewModel.swift in Sources */ = {isa = PBXBuildFile; fileRef = 3D547BBB2BE4D4ED00A08982 /* HomeViewModel.swift */; };
		3D547BBE2BE4D4FD00A08982 /* FavoriteAddViewModel.swift in Sources */ = {isa = PBXBuildFile; fileRef = 3D547BBD2BE4D4FD00A08982 /* FavoriteAddViewModel.swift */; };
		3D547BC02BE4D50E00A08982 /* MapViewModel.swift in Sources */ = {isa = PBXBuildFile; fileRef = 3D547BBF2BE4D50E00A08982 /* MapViewModel.swift */; };
		3D547BC22BE4D52300A08982 /* WeatherService.swift in Sources */ = {isa = PBXBuildFile; fileRef = 3D547BC12BE4D52300A08982 /* WeatherService.swift */; };
		3D547BC42BE4D52B00A08982 /* LocationManager.swift in Sources */ = {isa = PBXBuildFile; fileRef = 3D547BC32BE4D52B00A08982 /* LocationManager.swift */; };
		3D547BC62BE4D53C00A08982 /* Extensions.swift in Sources */ = {isa = PBXBuildFile; fileRef = 3D547BC52BE4D53C00A08982 /* Extensions.swift */; };
		3D547BC82BE4D54800A08982 /* Constants.swift in Sources */ = {isa = PBXBuildFile; fileRef = 3D547BC72BE4D54800A08982 /* Constants.swift */; };
		3D547BCA2BE4D57D00A08982 /* HomeView.swift in Sources */ = {isa = PBXBuildFile; fileRef = 3D547BC92BE4D57D00A08982 /* HomeView.swift */; };
		3D547BCC2BE4D59600A08982 /* FavoriteCell.swift in Sources */ = {isa = PBXBuildFile; fileRef = 3D547BCB2BE4D59600A08982 /* FavoriteCell.swift */; };
		3D547BCE2BE4D5A800A08982 /* FavoriteLocView.swift in Sources */ = {isa = PBXBuildFile; fileRef = 3D547BCD2BE4D5A800A08982 /* FavoriteLocView.swift */; };
		3D547BD02BE4D5B100A08982 /* SearchBar.swift in Sources */ = {isa = PBXBuildFile; fileRef = 3D547BCF2BE4D5B100A08982 /* SearchBar.swift */; };
		3D547BD22BE4D5BE00A08982 /* MapView.swift in Sources */ = {isa = PBXBuildFile; fileRef = 3D547BD12BE4D5BE00A08982 /* MapView.swift */; };
		3D73F3CC2BE534660000E18E /* sun.png in Resources */ = {isa = PBXBuildFile; fileRef = 3D73F3CB2BE534650000E18E /* sun.png */; };
		3DAB75EF2BE6C48F004ED9BA /* BlinkViewModifier.swift in Sources */ = {isa = PBXBuildFile; fileRef = 3DAB75EE2BE6C48F004ED9BA /* BlinkViewModifier.swift */; };
		3DAB75F12BE75C67004ED9BA /* EmptyWeatherView.swift in Sources */ = {isa = PBXBuildFile; fileRef = 3DAB75F02BE75C67004ED9BA /* EmptyWeatherView.swift */; };
		3DAB75F32BE75CAB004ED9BA /* RecView.swift in Sources */ = {isa = PBXBuildFile; fileRef = 3DAB75F22BE75CAB004ED9BA /* RecView.swift */; };
		3DAB75F52BE7970B004ED9BA /* FavLocationView.swift in Sources */ = {isa = PBXBuildFile; fileRef = 3DAB75F42BE7970B004ED9BA /* FavLocationView.swift */; };
		3DAB75F72BE79968004ED9BA /* WeatherImage.swift in Sources */ = {isa = PBXBuildFile; fileRef = 3DAB75F62BE79967004ED9BA /* WeatherImage.swift */; };
		3DAB75F92BE799A3004ED9BA /* WeatherResult.swift in Sources */ = {isa = PBXBuildFile; fileRef = 3DAB75F82BE799A3004ED9BA /* WeatherResult.swift */; };
		3DAB75FD2BE8A932004ED9BA /* DataStore.swift in Sources */ = {isa = PBXBuildFile; fileRef = 3DAB75FC2BE8A932004ED9BA /* DataStore.swift */; };
/* End PBXBuildFile section */

/* Begin PBXFileReference section */
		3D547B992BE4D29F00A08982 /* bulutsystem.app */ = {isa = PBXFileReference; explicitFileType = wrapper.application; includeInIndex = 0; path = bulutsystem.app; sourceTree = BUILT_PRODUCTS_DIR; };
		3D547B9C2BE4D29F00A08982 /* bulutsystemApp.swift */ = {isa = PBXFileReference; lastKnownFileType = sourcecode.swift; path = bulutsystemApp.swift; sourceTree = "<group>"; };
		3D547B9E2BE4D29F00A08982 /* ContentView.swift */ = {isa = PBXFileReference; lastKnownFileType = sourcecode.swift; path = ContentView.swift; sourceTree = "<group>"; };
		3D547BA02BE4D2A000A08982 /* Assets.xcassets */ = {isa = PBXFileReference; lastKnownFileType = folder.assetcatalog; path = Assets.xcassets; sourceTree = "<group>"; };
		3D547BA32BE4D2A000A08982 /* Preview Assets.xcassets */ = {isa = PBXFileReference; lastKnownFileType = folder.assetcatalog; path = "Preview Assets.xcassets"; sourceTree = "<group>"; };
		3D547BB32BE4D4B600A08982 /* Weather.swift */ = {isa = PBXFileReference; lastKnownFileType = sourcecode.swift; path = Weather.swift; sourceTree = "<group>"; };
		3D547BB52BE4D4C200A08982 /* SearchResult.swift */ = {isa = PBXFileReference; lastKnownFileType = sourcecode.swift; path = SearchResult.swift; sourceTree = "<group>"; };
		3D547BB72BE4D4CC00A08982 /* Favorite.swift */ = {isa = PBXFileReference; lastKnownFileType = sourcecode.swift; path = Favorite.swift; sourceTree = "<group>"; };
		3D547BB92BE4D4DB00A08982 /* FavoriteAnnotation.swift */ = {isa = PBXFileReference; lastKnownFileType = sourcecode.swift; path = FavoriteAnnotation.swift; sourceTree = "<group>"; };
		3D547BBB2BE4D4ED00A08982 /* HomeViewModel.swift */ = {isa = PBXFileReference; lastKnownFileType = sourcecode.swift; path = HomeViewModel.swift; sourceTree = "<group>"; };
		3D547BBD2BE4D4FD00A08982 /* FavoriteAddViewModel.swift */ = {isa = PBXFileReference; lastKnownFileType = sourcecode.swift; path = FavoriteAddViewModel.swift; sourceTree = "<group>"; };
		3D547BBF2BE4D50E00A08982 /* MapViewModel.swift */ = {isa = PBXFileReference; lastKnownFileType = sourcecode.swift; path = MapViewModel.swift; sourceTree = "<group>"; };
		3D547BC12BE4D52300A08982 /* WeatherService.swift */ = {isa = PBXFileReference; lastKnownFileType = sourcecode.swift; path = WeatherService.swift; sourceTree = "<group>"; };
		3D547BC32BE4D52B00A08982 /* LocationManager.swift */ = {isa = PBXFileReference; lastKnownFileType = sourcecode.swift; path = LocationManager.swift; sourceTree = "<group>"; };
		3D547BC52BE4D53C00A08982 /* Extensions.swift */ = {isa = PBXFileReference; lastKnownFileType = sourcecode.swift; path = Extensions.swift; sourceTree = "<group>"; };
		3D547BC72BE4D54800A08982 /* Constants.swift */ = {isa = PBXFileReference; lastKnownFileType = sourcecode.swift; path = Constants.swift; sourceTree = "<group>"; };
		3D547BC92BE4D57D00A08982 /* HomeView.swift */ = {isa = PBXFileReference; lastKnownFileType = sourcecode.swift; path = HomeView.swift; sourceTree = "<group>"; };
		3D547BCB2BE4D59600A08982 /* FavoriteCell.swift */ = {isa = PBXFileReference; lastKnownFileType = sourcecode.swift; path = FavoriteCell.swift; sourceTree = "<group>"; };
		3D547BCD2BE4D5A800A08982 /* FavoriteLocView.swift */ = {isa = PBXFileReference; lastKnownFileType = sourcecode.swift; path = FavoriteLocView.swift; sourceTree = "<group>"; };
		3D547BCF2BE4D5B100A08982 /* SearchBar.swift */ = {isa = PBXFileReference; lastKnownFileType = sourcecode.swift; path = SearchBar.swift; sourceTree = "<group>"; };
		3D547BD12BE4D5BE00A08982 /* MapView.swift */ = {isa = PBXFileReference; lastKnownFileType = sourcecode.swift; path = MapView.swift; sourceTree = "<group>"; };
		3D73F3CB2BE534650000E18E /* sun.png */ = {isa = PBXFileReference; lastKnownFileType = image.png; path = sun.png; sourceTree = "<group>"; };
		3DAB75EE2BE6C48F004ED9BA /* BlinkViewModifier.swift */ = {isa = PBXFileReference; lastKnownFileType = sourcecode.swift; path = BlinkViewModifier.swift; sourceTree = "<group>"; };
		3DAB75F02BE75C67004ED9BA /* EmptyWeatherView.swift */ = {isa = PBXFileReference; lastKnownFileType = sourcecode.swift; path = EmptyWeatherView.swift; sourceTree = "<group>"; };
		3DAB75F22BE75CAB004ED9BA /* RecView.swift */ = {isa = PBXFileReference; lastKnownFileType = sourcecode.swift; path = RecView.swift; sourceTree = "<group>"; };
		3DAB75F42BE7970B004ED9BA /* FavLocationView.swift */ = {isa = PBXFileReference; lastKnownFileType = sourcecode.swift; path = FavLocationView.swift; sourceTree = "<group>"; };
		3DAB75F62BE79967004ED9BA /* WeatherImage.swift */ = {isa = PBXFileReference; lastKnownFileType = sourcecode.swift; path = WeatherImage.swift; sourceTree = "<group>"; };
		3DAB75F82BE799A3004ED9BA /* WeatherResult.swift */ = {isa = PBXFileReference; lastKnownFileType = sourcecode.swift; path = WeatherResult.swift; sourceTree = "<group>"; };
		3DAB75FC2BE8A932004ED9BA /* DataStore.swift */ = {isa = PBXFileReference; lastKnownFileType = sourcecode.swift; path = DataStore.swift; sourceTree = "<group>"; };
/* End PBXFileReference section */

/* Begin PBXFrameworksBuildPhase section */
		3D547B962BE4D29F00A08982 /* Frameworks */ = {
			isa = PBXFrameworksBuildPhase;
			buildActionMask = 2147483647;
			files = (
			);
			runOnlyForDeploymentPostprocessing = 0;
		};
/* End PBXFrameworksBuildPhase section */

/* Begin PBXGroup section */
		3D547B902BE4D29F00A08982 = {
			isa = PBXGroup;
			children = (
				3D547B9B2BE4D29F00A08982 /* bulutsystem */,
				3D547B9A2BE4D29F00A08982 /* Products */,
			);
			sourceTree = "<group>";
		};
		3D547B9A2BE4D29F00A08982 /* Products */ = {
			isa = PBXGroup;
			children = (
				3D547B992BE4D29F00A08982 /* bulutsystem.app */,
			);
			name = Products;
			sourceTree = "<group>";
		};
		3D547B9B2BE4D29F00A08982 /* bulutsystem */ = {
			isa = PBXGroup;
			children = (
				3D547BD32BE4D60600A08982 /* App */,
				3D547BAF2BE4D43C00A08982 /* Resources */,
				3D547BAE2BE4D41E00A08982 /* Utilities */,
				3D547BAD2BE4D41700A08982 /* Services */,
				3D547BAC2BE4D40F00A08982 /* Views */,
				3D547BAB2BE4D40400A08982 /* ViewModels */,
				3D547BAA2BE4D3FE00A08982 /* Models */,
				3D547BA22BE4D2A000A08982 /* Preview Content */,
			);
			path = bulutsystem;
			sourceTree = "<group>";
		};
		3D547BA22BE4D2A000A08982 /* Preview Content */ = {
			isa = PBXGroup;
			children = (
				3D547BA32BE4D2A000A08982 /* Preview Assets.xcassets */,
			);
			path = "Preview Content";
			sourceTree = "<group>";
		};
		3D547BAA2BE4D3FE00A08982 /* Models */ = {
			isa = PBXGroup;
			children = (
				3D547BB32BE4D4B600A08982 /* Weather.swift */,
				3D547BB52BE4D4C200A08982 /* SearchResult.swift */,
				3D547BB72BE4D4CC00A08982 /* Favorite.swift */,
				3D547BB92BE4D4DB00A08982 /* FavoriteAnnotation.swift */,
			);
			path = Models;
			sourceTree = "<group>";
		};
		3D547BAB2BE4D40400A08982 /* ViewModels */ = {
			isa = PBXGroup;
			children = (
				3D547BBB2BE4D4ED00A08982 /* HomeViewModel.swift */,
				3D547BBD2BE4D4FD00A08982 /* FavoriteAddViewModel.swift */,
				3D547BBF2BE4D50E00A08982 /* MapViewModel.swift */,
			);
			path = ViewModels;
			sourceTree = "<group>";
		};
		3D547BAC2BE4D40F00A08982 /* Views */ = {
			isa = PBXGroup;
			children = (
				3D547BB22BE4D48900A08982 /* Map */,
				3D547BB12BE4D48100A08982 /* Favorites */,
				3D547BB02BE4D47700A08982 /* Home */,
			);
			path = Views;
			sourceTree = "<group>";
		};
		3D547BAD2BE4D41700A08982 /* Services */ = {
			isa = PBXGroup;
			children = (
				3D547BC12BE4D52300A08982 /* WeatherService.swift */,
				3D547BC32BE4D52B00A08982 /* LocationManager.swift */,
				3DAB75FC2BE8A932004ED9BA /* DataStore.swift */,
			);
			path = Services;
			sourceTree = "<group>";
		};
		3D547BAE2BE4D41E00A08982 /* Utilities */ = {
			isa = PBXGroup;
			children = (
				3D547BC52BE4D53C00A08982 /* Extensions.swift */,
				3D547BC72BE4D54800A08982 /* Constants.swift */,
				3DAB75EE2BE6C48F004ED9BA /* BlinkViewModifier.swift */,
			);
			path = Utilities;
			sourceTree = "<group>";
		};
		3D547BAF2BE4D43C00A08982 /* Resources */ = {
			isa = PBXGroup;
			children = (
				3D73F3CB2BE534650000E18E /* sun.png */,
				3D547BA02BE4D2A000A08982 /* Assets.xcassets */,
			);
			path = Resources;
			sourceTree = "<group>";
		};
		3D547BB02BE4D47700A08982 /* Home */ = {
			isa = PBXGroup;
			children = (
				3D547BC92BE4D57D00A08982 /* HomeView.swift */,
				3DAB75F02BE75C67004ED9BA /* EmptyWeatherView.swift */,
				3DAB75F22BE75CAB004ED9BA /* RecView.swift */,
				3DAB75F62BE79967004ED9BA /* WeatherImage.swift */,
				3DAB75F82BE799A3004ED9BA /* WeatherResult.swift */,
			);
			path = Home;
			sourceTree = "<group>";
		};
		3D547BB12BE4D48100A08982 /* Favorites */ = {
			isa = PBXGroup;
			children = (
				3D547BCB2BE4D59600A08982 /* FavoriteCell.swift */,
				3D547BCD2BE4D5A800A08982 /* FavoriteLocView.swift */,
				3D547BCF2BE4D5B100A08982 /* SearchBar.swift */,
				3DAB75F42BE7970B004ED9BA /* FavLocationView.swift */,
			);
			path = Favorites;
			sourceTree = "<group>";
		};
		3D547BB22BE4D48900A08982 /* Map */ = {
			isa = PBXGroup;
			children = (
				3D547BD12BE4D5BE00A08982 /* MapView.swift */,
			);
			path = Map;
			sourceTree = "<group>";
		};
		3D547BD32BE4D60600A08982 /* App */ = {
			isa = PBXGroup;
			children = (
				3D547B9E2BE4D29F00A08982 /* ContentView.swift */,
				3D547B9C2BE4D29F00A08982 /* bulutsystemApp.swift */,
			);
			path = App;
			sourceTree = "<group>";
		};
/* End PBXGroup section */

/* Begin PBXNativeTarget section */
		3D547B982BE4D29F00A08982 /* bulutsystem */ = {
			isa = PBXNativeTarget;
			buildConfigurationList = 3D547BA72BE4D2A000A08982 /* Build configuration list for PBXNativeTarget "bulutsystem" */;
			buildPhases = (
				3D547B952BE4D29F00A08982 /* Sources */,
				3D547B962BE4D29F00A08982 /* Frameworks */,
				3D547B972BE4D29F00A08982 /* Resources */,
			);
			buildRules = (
			);
			dependencies = (
			);
			name = bulutsystem;
			productName = bulutsystem;
			productReference = 3D547B992BE4D29F00A08982 /* bulutsystem.app */;
			productType = "com.apple.product-type.application";
		};
/* End PBXNativeTarget section */

/* Begin PBXProject section */
		3D547B912BE4D29F00A08982 /* Project object */ = {
			isa = PBXProject;
			attributes = {
				BuildIndependentTargetsInParallel = 1;
				LastSwiftUpdateCheck = 1530;
				LastUpgradeCheck = 1530;
				TargetAttributes = {
					3D547B982BE4D29F00A08982 = {
						CreatedOnToolsVersion = 15.3;
					};
				};
			};
			buildConfigurationList = 3D547B942BE4D29F00A08982 /* Build configuration list for PBXProject "bulutsystem" */;
			compatibilityVersion = "Xcode 14.0";
			developmentRegion = en;
			hasScannedForEncodings = 0;
			knownRegions = (
				en,
				Base,
			);
			mainGroup = 3D547B902BE4D29F00A08982;
			productRefGroup = 3D547B9A2BE4D29F00A08982 /* Products */;
			projectDirPath = "";
			projectRoot = "";
			targets = (
				3D547B982BE4D29F00A08982 /* bulutsystem */,
			);
		};
/* End PBXProject section */

/* Begin PBXResourcesBuildPhase section */
		3D547B972BE4D29F00A08982 /* Resources */ = {
			isa = PBXResourcesBuildPhase;
			buildActionMask = 2147483647;
			files = (
				3D547BA42BE4D2A000A08982 /* Preview Assets.xcassets in Resources */,
				3D547BA12BE4D2A000A08982 /* Assets.xcassets in Resources */,
				3D73F3CC2BE534660000E18E /* sun.png in Resources */,
			);
			runOnlyForDeploymentPostprocessing = 0;
		};
/* End PBXResourcesBuildPhase section */

/* Begin PBXSourcesBuildPhase section */
		3D547B952BE4D29F00A08982 /* Sources */ = {
			isa = PBXSourcesBuildPhase;
			buildActionMask = 2147483647;
			files = (
				3D547BC22BE4D52300A08982 /* WeatherService.swift in Sources */,
				3D547BCA2BE4D57D00A08982 /* HomeView.swift in Sources */,
				3D547BB82BE4D4CC00A08982 /* Favorite.swift in Sources */,
				3D547B9F2BE4D29F00A08982 /* ContentView.swift in Sources */,
				3D547BCE2BE4D5A800A08982 /* FavoriteLocView.swift in Sources */,
				3DAB75EF2BE6C48F004ED9BA /* BlinkViewModifier.swift in Sources */,
				3D547BC42BE4D52B00A08982 /* LocationManager.swift in Sources */,
				3DAB75F32BE75CAB004ED9BA /* RecView.swift in Sources */,
				3D547BBC2BE4D4ED00A08982 /* HomeViewModel.swift in Sources */,
				3D547BD22BE4D5BE00A08982 /* MapView.swift in Sources */,
				3D547BB42BE4D4B600A08982 /* Weather.swift in Sources */,
				3D547BB62BE4D4C200A08982 /* SearchResult.swift in Sources */,
				3D547BC82BE4D54800A08982 /* Constants.swift in Sources */,
				3DAB75FD2BE8A932004ED9BA /* DataStore.swift in Sources */,
				3DAB75F52BE7970B004ED9BA /* FavLocationView.swift in Sources */,
				3D547BC62BE4D53C00A08982 /* Extensions.swift in Sources */,
				3D547BBA2BE4D4DB00A08982 /* FavoriteAnnotation.swift in Sources */,
				3D547BBE2BE4D4FD00A08982 /* FavoriteAddViewModel.swift in Sources */,
				3DAB75F12BE75C67004ED9BA /* EmptyWeatherView.swift in Sources */,
				3DAB75F72BE79968004ED9BA /* WeatherImage.swift in Sources */,
				3D547BCC2BE4D59600A08982 /* FavoriteCell.swift in Sources */,
				3D547B9D2BE4D29F00A08982 /* bulutsystemApp.swift in Sources */,
				3DAB75F92BE799A3004ED9BA /* WeatherResult.swift in Sources */,
				3D547BD02BE4D5B100A08982 /* SearchBar.swift in Sources */,
				3D547BC02BE4D50E00A08982 /* MapViewModel.swift in Sources */,
			);
			runOnlyForDeploymentPostprocessing = 0;
		};
/* End PBXSourcesBuildPhase section */

/* Begin XCBuildConfiguration section */
		3D547BA52BE4D2A000A08982 /* Debug */ = {
			isa = XCBuildConfiguration;
			buildSettings = {
				ALWAYS_SEARCH_USER_PATHS = NO;
				ASSETCATALOG_COMPILER_GENERATE_SWIFT_ASSET_SYMBOL_EXTENSIONS = YES;
				CLANG_ANALYZER_NONNULL = YES;
				CLANG_ANALYZER_NUMBER_OBJECT_CONVERSION = YES_AGGRESSIVE;
				CLANG_CXX_LANGUAGE_STANDARD = "gnu++20";
				CLANG_ENABLE_MODULES = YES;
				CLANG_ENABLE_OBJC_ARC = YES;
				CLANG_ENABLE_OBJC_WEAK = YES;
				CLANG_WARN_BLOCK_CAPTURE_AUTORELEASING = YES;
				CLANG_WARN_BOOL_CONVERSION = YES;
				CLANG_WARN_COMMA = YES;
				CLANG_WARN_CONSTANT_CONVERSION = YES;
				CLANG_WARN_DEPRECATED_OBJC_IMPLEMENTATIONS = YES;
				CLANG_WARN_DIRECT_OBJC_ISA_USAGE = YES_ERROR;
				CLANG_WARN_DOCUMENTATION_COMMENTS = YES;
				CLANG_WARN_EMPTY_BODY = YES;
				CLANG_WARN_ENUM_CONVERSION = YES;
				CLANG_WARN_INFINITE_RECURSION = YES;
				CLANG_WARN_INT_CONVERSION = YES;
				CLANG_WARN_NON_LITERAL_NULL_CONVERSION = YES;
				CLANG_WARN_OBJC_IMPLICIT_RETAIN_SELF = YES;
				CLANG_WARN_OBJC_LITERAL_CONVERSION = YES;
				CLANG_WARN_OBJC_ROOT_CLASS = YES_ERROR;
				CLANG_WARN_QUOTED_INCLUDE_IN_FRAMEWORK_HEADER = YES;
				CLANG_WARN_RANGE_LOOP_ANALYSIS = YES;
				CLANG_WARN_STRICT_PROTOTYPES = YES;
				CLANG_WARN_SUSPICIOUS_MOVE = YES;
				CLANG_WARN_UNGUARDED_AVAILABILITY = YES_AGGRESSIVE;
				CLANG_WARN_UNREACHABLE_CODE = YES;
				CLANG_WARN__DUPLICATE_METHOD_MATCH = YES;
				COPY_PHASE_STRIP = NO;
				DEBUG_INFORMATION_FORMAT = dwarf;
				ENABLE_STRICT_OBJC_MSGSEND = YES;
				ENABLE_TESTABILITY = YES;
				ENABLE_USER_SCRIPT_SANDBOXING = YES;
				GCC_C_LANGUAGE_STANDARD = gnu17;
				GCC_DYNAMIC_NO_PIC = NO;
				GCC_NO_COMMON_BLOCKS = YES;
				GCC_OPTIMIZATION_LEVEL = 0;
				GCC_PREPROCESSOR_DEFINITIONS = (
					"DEBUG=1",
					"$(inherited)",
				);
				GCC_WARN_64_TO_32_BIT_CONVERSION = YES;
				GCC_WARN_ABOUT_RETURN_TYPE = YES_ERROR;
				GCC_WARN_UNDECLARED_SELECTOR = YES;
				GCC_WARN_UNINITIALIZED_AUTOS = YES_AGGRESSIVE;
				GCC_WARN_UNUSED_FUNCTION = YES;
				GCC_WARN_UNUSED_VARIABLE = YES;
				IPHONEOS_DEPLOYMENT_TARGET = 17.4;
				LOCALIZATION_PREFERS_STRING_CATALOGS = YES;
				MTL_ENABLE_DEBUG_INFO = INCLUDE_SOURCE;
				MTL_FAST_MATH = YES;
				ONLY_ACTIVE_ARCH = YES;
				SDKROOT = iphoneos;
				SWIFT_ACTIVE_COMPILATION_CONDITIONS = "DEBUG $(inherited)";
				SWIFT_OPTIMIZATION_LEVEL = "-Onone";
			};
			name = Debug;
		};
		3D547BA62BE4D2A000A08982 /* Release */ = {
			isa = XCBuildConfiguration;
			buildSettings = {
				ALWAYS_SEARCH_USER_PATHS = NO;
				ASSETCATALOG_COMPILER_GENERATE_SWIFT_ASSET_SYMBOL_EXTENSIONS = YES;
				CLANG_ANALYZER_NONNULL = YES;
				CLANG_ANALYZER_NUMBER_OBJECT_CONVERSION = YES_AGGRESSIVE;
				CLANG_CXX_LANGUAGE_STANDARD = "gnu++20";
				CLANG_ENABLE_MODULES = YES;
				CLANG_ENABLE_OBJC_ARC = YES;
				CLANG_ENABLE_OBJC_WEAK = YES;
				CLANG_WARN_BLOCK_CAPTURE_AUTORELEASING = YES;
				CLANG_WARN_BOOL_CONVERSION = YES;
				CLANG_WARN_COMMA = YES;
				CLANG_WARN_CONSTANT_CONVERSION = YES;
				CLANG_WARN_DEPRECATED_OBJC_IMPLEMENTATIONS = YES;
				CLANG_WARN_DIRECT_OBJC_ISA_USAGE = YES_ERROR;
				CLANG_WARN_DOCUMENTATION_COMMENTS = YES;
				CLANG_WARN_EMPTY_BODY = YES;
				CLANG_WARN_ENUM_CONVERSION = YES;
				CLANG_WARN_INFINITE_RECURSION = YES;
				CLANG_WARN_INT_CONVERSION = YES;
				CLANG_WARN_NON_LITERAL_NULL_CONVERSION = YES;
				CLANG_WARN_OBJC_IMPLICIT_RETAIN_SELF = YES;
				CLANG_WARN_OBJC_LITERAL_CONVERSION = YES;
				CLANG_WARN_OBJC_ROOT_CLASS = YES_ERROR;
				CLANG_WARN_QUOTED_INCLUDE_IN_FRAMEWORK_HEADER = YES;
				CLANG_WARN_RANGE_LOOP_ANALYSIS = YES;
				CLANG_WARN_STRICT_PROTOTYPES = YES;
				CLANG_WARN_SUSPICIOUS_MOVE = YES;
				CLANG_WARN_UNGUARDED_AVAILABILITY = YES_AGGRESSIVE;
				CLANG_WARN_UNREACHABLE_CODE = YES;
				CLANG_WARN__DUPLICATE_METHOD_MATCH = YES;
				COPY_PHASE_STRIP = NO;
				DEBUG_INFORMATION_FORMAT = "dwarf-with-dsym";
				ENABLE_NS_ASSERTIONS = NO;
				ENABLE_STRICT_OBJC_MSGSEND = YES;
				ENABLE_USER_SCRIPT_SANDBOXING = YES;
				GCC_C_LANGUAGE_STANDARD = gnu17;
				GCC_NO_COMMON_BLOCKS = YES;
				GCC_WARN_64_TO_32_BIT_CONVERSION = YES;
				GCC_WARN_ABOUT_RETURN_TYPE = YES_ERROR;
				GCC_WARN_UNDECLARED_SELECTOR = YES;
				GCC_WARN_UNINITIALIZED_AUTOS = YES_AGGRESSIVE;
				GCC_WARN_UNUSED_FUNCTION = YES;
				GCC_WARN_UNUSED_VARIABLE = YES;
				IPHONEOS_DEPLOYMENT_TARGET = 17.4;
				LOCALIZATION_PREFERS_STRING_CATALOGS = YES;
				MTL_ENABLE_DEBUG_INFO = NO;
				MTL_FAST_MATH = YES;
				SDKROOT = iphoneos;
				SWIFT_COMPILATION_MODE = wholemodule;
				VALIDATE_PRODUCT = YES;
			};
			name = Release;
		};
		3D547BA82BE4D2A000A08982 /* Debug */ = {
			isa = XCBuildConfiguration;
			buildSettings = {
				ASSETCATALOG_COMPILER_APPICON_NAME = AppIcon;
				ASSETCATALOG_COMPILER_GLOBAL_ACCENT_COLOR_NAME = AccentColor;
				CODE_SIGN_STYLE = Automatic;
				CURRENT_PROJECT_VERSION = 1;
				DEVELOPMENT_ASSET_PATHS = "\"bulutsystem/Preview Content\"";
				DEVELOPMENT_TEAM = KLD53U4796;
				ENABLE_PREVIEWS = YES;
				GENERATE_INFOPLIST_FILE = YES;
				INFOPLIST_KEY_NSLocationUsageDescription = "\"izin ver\"";
				INFOPLIST_KEY_NSLocationWhenInUseUsageDescription = "\"Bu uygulama, hava durumu bilgilerini göstermek için konumunuzu kullanır\"";
				INFOPLIST_KEY_UIApplicationSceneManifest_Generation = YES;
				INFOPLIST_KEY_UIApplicationSupportsIndirectInputEvents = YES;
				INFOPLIST_KEY_UILaunchScreen_Generation = YES;
				INFOPLIST_KEY_UISupportedInterfaceOrientations_iPad = "UIInterfaceOrientationPortrait UIInterfaceOrientationPortraitUpsideDown UIInterfaceOrientationLandscapeLeft UIInterfaceOrientationLandscapeRight";
				INFOPLIST_KEY_UISupportedInterfaceOrientations_iPhone = "UIInterfaceOrientationPortrait UIInterfaceOrientationLandscapeLeft UIInterfaceOrientationLandscapeRight";
				LD_RUNPATH_SEARCH_PATHS = (
					"$(inherited)",
					"@executable_path/Frameworks",
				);
				MARKETING_VERSION = 1.0;
				PRODUCT_BUNDLE_IDENTIFIER = com.kayafatih.dev.bulutsystem;
				PRODUCT_NAME = "$(TARGET_NAME)";
				SWIFT_EMIT_LOC_STRINGS = YES;
				SWIFT_VERSION = 5.0;
				TARGETED_DEVICE_FAMILY = "1,2";
			};
			name = Debug;
		};
		3D547BA92BE4D2A000A08982 /* Release */ = {
			isa = XCBuildConfiguration;
			buildSettings = {
				ASSETCATALOG_COMPILER_APPICON_NAME = AppIcon;
				ASSETCATALOG_COMPILER_GLOBAL_ACCENT_COLOR_NAME = AccentColor;
				CODE_SIGN_STYLE = Automatic;
				CURRENT_PROJECT_VERSION = 1;
				DEVELOPMENT_ASSET_PATHS = "\"bulutsystem/Preview Content\"";
				DEVELOPMENT_TEAM = KLD53U4796;
				ENABLE_PREVIEWS = YES;
				GENERATE_INFOPLIST_FILE = YES;
				INFOPLIST_KEY_NSLocationUsageDescription = "\"izin ver\"";
				INFOPLIST_KEY_NSLocationWhenInUseUsageDescription = "\"Bu uygulama, hava durumu bilgilerini göstermek için konumunuzu kullanır\"";
				INFOPLIST_KEY_UIApplicationSceneManifest_Generation = YES;
				INFOPLIST_KEY_UIApplicationSupportsIndirectInputEvents = YES;
				INFOPLIST_KEY_UILaunchScreen_Generation = YES;
				INFOPLIST_KEY_UISupportedInterfaceOrientations_iPad = "UIInterfaceOrientationPortrait UIInterfaceOrientationPortraitUpsideDown UIInterfaceOrientationLandscapeLeft UIInterfaceOrientationLandscapeRight";
				INFOPLIST_KEY_UISupportedInterfaceOrientations_iPhone = "UIInterfaceOrientationPortrait UIInterfaceOrientationLandscapeLeft UIInterfaceOrientationLandscapeRight";
				LD_RUNPATH_SEARCH_PATHS = (
					"$(inherited)",
					"@executable_path/Frameworks",
				);
				MARKETING_VERSION = 1.0;
				PRODUCT_BUNDLE_IDENTIFIER = com.kayafatih.dev.bulutsystem;
				PRODUCT_NAME = "$(TARGET_NAME)";
				SWIFT_EMIT_LOC_STRINGS = YES;
				SWIFT_VERSION = 5.0;
				TARGETED_DEVICE_FAMILY = "1,2";
			};
			name = Release;
		};
/* End XCBuildConfiguration section */

/* Begin XCConfigurationList section */
		3D547B942BE4D29F00A08982 /* Build configuration list for PBXProject "bulutsystem" */ = {
			isa = XCConfigurationList;
			buildConfigurations = (
				3D547BA52BE4D2A000A08982 /* Debug */,
				3D547BA62BE4D2A000A08982 /* Release */,
			);
			defaultConfigurationIsVisible = 0;
			defaultConfigurationName = Release;
		};
		3D547BA72BE4D2A000A08982 /* Build configuration list for PBXNativeTarget "bulutsystem" */ = {
			isa = XCConfigurationList;
			buildConfigurations = (
				3D547BA82BE4D2A000A08982 /* Debug */,
				3D547BA92BE4D2A000A08982 /* Release */,
			);
			defaultConfigurationIsVisible = 0;
			defaultConfigurationName = Release;
		};
/* End XCConfigurationList section */
	};
	rootObject = 3D547B912BE4D29F00A08982 /* Project object */;
}
